// !$*UTF8*$!
{
	archiveVersion = 1;
	classes = {
	};
	objectVersion = 50;
	objects = {

/* Begin PBXBuildFile section */
		7221BDF4214212570070320D /* VCResultReport.swift in Sources */ = {isa = PBXBuildFile; fileRef = 7221BDF3214212570070320D /* VCResultReport.swift */; };
		727E8CBF214758B800BBA9D3 /* VCInputScreen.swift in Sources */ = {isa = PBXBuildFile; fileRef = 727E8CBE214758B800BBA9D3 /* VCInputScreen.swift */; };
		727E8CC12147B48400BBA9D3 /* NumberKeyBoard.swift in Sources */ = {isa = PBXBuildFile; fileRef = 727E8CC02147B48400BBA9D3 /* NumberKeyBoard.swift */; };
		72AF1BA421426C0A00264CDA /* Button_Custom.swift in Sources */ = {isa = PBXBuildFile; fileRef = 72AF1BA321426C0A00264CDA /* Button_Custom.swift */; };
		72AF1BA6214270E500264CDA /* CheckValuePopup.storyboard in Resources */ = {isa = PBXBuildFile; fileRef = 72AF1BA5214270E500264CDA /* CheckValuePopup.storyboard */; };
		72C98CF621462ECB00482551 /* VCCheckValuePopup.swift in Sources */ = {isa = PBXBuildFile; fileRef = 72C98CF521462ECB00482551 /* VCCheckValuePopup.swift */; };
		8F0046D54FE995FE97612E8F /* Pods_KenshinApp.framework in Frameworks */ = {isa = PBXBuildFile; fileRef = 06606ED1662C0C1D479398BC /* Pods_KenshinApp.framework */; };
		9AB6182D0FE356248AC13F8A /* Pods_KenshinAppUITests.framework in Frameworks */ = {isa = PBXBuildFile; fileRef = 32A1A9C5394A9D3667081F55 /* Pods_KenshinAppUITests.framework */; };
		D9F5F16F47CAE8D15C31A774 /* Pods_KenshinAppTests.framework in Frameworks */ = {isa = PBXBuildFile; fileRef = 83EBD86C500DC2F890461FC7 /* Pods_KenshinAppTests.framework */; };
		EF4420462151090F00E6D0AC /* HandPrint.storyboard in Resources */ = {isa = PBXBuildFile; fileRef = EF4420452151090F00E6D0AC /* HandPrint.storyboard */; };
		EF442048215109A800E6D0AC /* Setting.storyboard in Resources */ = {isa = PBXBuildFile; fileRef = EF442047215109A800E6D0AC /* Setting.storyboard */; };
		EF44204A21510C7D00E6D0AC /* MenuViewController.swift in Sources */ = {isa = PBXBuildFile; fileRef = EF44204921510C7D00E6D0AC /* MenuViewController.swift */; };
		EF44204C2159D8B000E6D0AC /* VCHandPrint.swift in Sources */ = {isa = PBXBuildFile; fileRef = EF44204B2159D8B000E6D0AC /* VCHandPrint.swift */; };
		EF44204E215A19E100E6D0AC /* VCSetting.swift in Sources */ = {isa = PBXBuildFile; fileRef = EF44204D215A19E100E6D0AC /* VCSetting.swift */; };
		EF508CFD2136B02F00073340 /* AppDelegate.swift in Sources */ = {isa = PBXBuildFile; fileRef = EF508CFC2136B02F00073340 /* AppDelegate.swift */; };
		EF508CFF2136B02F00073340 /* ViewController.swift in Sources */ = {isa = PBXBuildFile; fileRef = EF508CFE2136B02F00073340 /* ViewController.swift */; };
		EF508D022136B02F00073340 /* Main.storyboard in Resources */ = {isa = PBXBuildFile; fileRef = EF508D002136B02F00073340 /* Main.storyboard */; };
		EF508D042136B02F00073340 /* Assets.xcassets in Resources */ = {isa = PBXBuildFile; fileRef = EF508D032136B02F00073340 /* Assets.xcassets */; };
		EF508D072136B02F00073340 /* LaunchScreen.storyboard in Resources */ = {isa = PBXBuildFile; fileRef = EF508D052136B02F00073340 /* LaunchScreen.storyboard */; };
		EF508D122136B03000073340 /* KenshinAppTests.swift in Sources */ = {isa = PBXBuildFile; fileRef = EF508D112136B03000073340 /* KenshinAppTests.swift */; };
		EF508D1D2136B03000073340 /* KenshinAppUITests.swift in Sources */ = {isa = PBXBuildFile; fileRef = EF508D1C2136B03000073340 /* KenshinAppUITests.swift */; };
		EF508D2B2136B2D600073340 /* GasMenu.storyboard in Resources */ = {isa = PBXBuildFile; fileRef = EF508D2A2136B2D600073340 /* GasMenu.storyboard */; };
		EF508D2F213D1E7300073340 /* GohSelect.storyboard in Resources */ = {isa = PBXBuildFile; fileRef = EF508D2E213D1E7300073340 /* GohSelect.storyboard */; };
		EF508D31213D2A2400073340 /* Customer.storyboard in Resources */ = {isa = PBXBuildFile; fileRef = EF508D30213D2A2400073340 /* Customer.storyboard */; };
		EF508D35213D2B9200073340 /* ResultReport.storyboard in Resources */ = {isa = PBXBuildFile; fileRef = EF508D34213D2B9200073340 /* ResultReport.storyboard */; };
		EFB54A3F214A6872006BC075 /* CircleButton.swift in Sources */ = {isa = PBXBuildFile; fileRef = EFB54A3E214A6872006BC075 /* CircleButton.swift */; };
		EFB54A41214A7925006BC075 /* VCGasMenu.swift in Sources */ = {isa = PBXBuildFile; fileRef = EFB54A40214A7925006BC075 /* VCGasMenu.swift */; };
		EFB54A43214B850B006BC075 /* VCGohSelect.swift in Sources */ = {isa = PBXBuildFile; fileRef = EFB54A42214B850B006BC075 /* VCGohSelect.swift */; };
		EFDF94BC214FB11B003AF3B4 /* VCCustomer.swift in Sources */ = {isa = PBXBuildFile; fileRef = EFDF94BB214FB11B003AF3B4 /* VCCustomer.swift */; };
/* End PBXBuildFile section */

/* Begin PBXContainerItemProxy section */
		EF508D0E2136B03000073340 /* PBXContainerItemProxy */ = {
			isa = PBXContainerItemProxy;
			containerPortal = EF508CF12136B02F00073340 /* Project object */;
			proxyType = 1;
			remoteGlobalIDString = EF508CF82136B02F00073340;
			remoteInfo = KenshinApp;
		};
		EF508D192136B03000073340 /* PBXContainerItemProxy */ = {
			isa = PBXContainerItemProxy;
			containerPortal = EF508CF12136B02F00073340 /* Project object */;
			proxyType = 1;
			remoteGlobalIDString = EF508CF82136B02F00073340;
			remoteInfo = KenshinApp;
		};
/* End PBXContainerItemProxy section */

/* Begin PBXFileReference section */
		05E7A125C6802A565E1D73BD /* Pods-KenshinApp.release.xcconfig */ = {isa = PBXFileReference; includeInIndex = 1; lastKnownFileType = text.xcconfig; name = "Pods-KenshinApp.release.xcconfig"; path = "Pods/Target Support Files/Pods-KenshinApp/Pods-KenshinApp.release.xcconfig"; sourceTree = "<group>"; };
		06606ED1662C0C1D479398BC /* Pods_KenshinApp.framework */ = {isa = PBXFileReference; explicitFileType = wrapper.framework; includeInIndex = 0; path = Pods_KenshinApp.framework; sourceTree = BUILT_PRODUCTS_DIR; };
		32A1A9C5394A9D3667081F55 /* Pods_KenshinAppUITests.framework */ = {isa = PBXFileReference; explicitFileType = wrapper.framework; includeInIndex = 0; path = Pods_KenshinAppUITests.framework; sourceTree = BUILT_PRODUCTS_DIR; };
		35CA0113E51F876E3BE3D341 /* Pods-KenshinAppTests.release.xcconfig */ = {isa = PBXFileReference; includeInIndex = 1; lastKnownFileType = text.xcconfig; name = "Pods-KenshinAppTests.release.xcconfig"; path = "Pods/Target Support Files/Pods-KenshinAppTests/Pods-KenshinAppTests.release.xcconfig"; sourceTree = "<group>"; };
		7221BDF3214212570070320D /* VCResultReport.swift */ = {isa = PBXFileReference; lastKnownFileType = sourcecode.swift; path = VCResultReport.swift; sourceTree = "<group>"; };
		727E8CBE214758B800BBA9D3 /* VCInputScreen.swift */ = {isa = PBXFileReference; lastKnownFileType = sourcecode.swift; path = VCInputScreen.swift; sourceTree = "<group>"; };
		727E8CC02147B48400BBA9D3 /* NumberKeyBoard.swift */ = {isa = PBXFileReference; lastKnownFileType = sourcecode.swift; path = NumberKeyBoard.swift; sourceTree = "<group>"; };
		72AF1BA321426C0A00264CDA /* Button_Custom.swift */ = {isa = PBXFileReference; lastKnownFileType = sourcecode.swift; path = Button_Custom.swift; sourceTree = "<group>"; };
		72AF1BA5214270E500264CDA /* CheckValuePopup.storyboard */ = {isa = PBXFileReference; lastKnownFileType = file.storyboard; path = CheckValuePopup.storyboard; sourceTree = "<group>"; };
		72C98CF521462ECB00482551 /* VCCheckValuePopup.swift */ = {isa = PBXFileReference; lastKnownFileType = sourcecode.swift; path = VCCheckValuePopup.swift; sourceTree = "<group>"; };
		83EBD86C500DC2F890461FC7 /* Pods_KenshinAppTests.framework */ = {isa = PBXFileReference; explicitFileType = wrapper.framework; includeInIndex = 0; path = Pods_KenshinAppTests.framework; sourceTree = BUILT_PRODUCTS_DIR; };
		9A6C584B0743071B8E208339 /* Pods-KenshinAppUITests.release.xcconfig */ = {isa = PBXFileReference; includeInIndex = 1; lastKnownFileType = text.xcconfig; name = "Pods-KenshinAppUITests.release.xcconfig"; path = "Pods/Target Support Files/Pods-KenshinAppUITests/Pods-KenshinAppUITests.release.xcconfig"; sourceTree = "<group>"; };
		CFBD0DCCAFB005F95177A8BC /* Pods-KenshinApp.debug.xcconfig */ = {isa = PBXFileReference; includeInIndex = 1; lastKnownFileType = text.xcconfig; name = "Pods-KenshinApp.debug.xcconfig"; path = "Pods/Target Support Files/Pods-KenshinApp/Pods-KenshinApp.debug.xcconfig"; sourceTree = "<group>"; };
		E45173C6080BC3766DBDAA23 /* Pods-KenshinAppTests.debug.xcconfig */ = {isa = PBXFileReference; includeInIndex = 1; lastKnownFileType = text.xcconfig; name = "Pods-KenshinAppTests.debug.xcconfig"; path = "Pods/Target Support Files/Pods-KenshinAppTests/Pods-KenshinAppTests.debug.xcconfig"; sourceTree = "<group>"; };
		E538670D3E969A1F76E9DC5B /* Pods-KenshinAppUITests.debug.xcconfig */ = {isa = PBXFileReference; includeInIndex = 1; lastKnownFileType = text.xcconfig; name = "Pods-KenshinAppUITests.debug.xcconfig"; path = "Pods/Target Support Files/Pods-KenshinAppUITests/Pods-KenshinAppUITests.debug.xcconfig"; sourceTree = "<group>"; };
		EF4420452151090F00E6D0AC /* HandPrint.storyboard */ = {isa = PBXFileReference; lastKnownFileType = file.storyboard; path = HandPrint.storyboard; sourceTree = "<group>"; };
		EF442047215109A800E6D0AC /* Setting.storyboard */ = {isa = PBXFileReference; lastKnownFileType = file.storyboard; path = Setting.storyboard; sourceTree = "<group>"; };
		EF44204921510C7D00E6D0AC /* MenuViewController.swift */ = {isa = PBXFileReference; lastKnownFileType = sourcecode.swift; path = MenuViewController.swift; sourceTree = "<group>"; };
		EF44204B2159D8B000E6D0AC /* VCHandPrint.swift */ = {isa = PBXFileReference; lastKnownFileType = sourcecode.swift; path = VCHandPrint.swift; sourceTree = "<group>"; };
		EF44204D215A19E100E6D0AC /* VCSetting.swift */ = {isa = PBXFileReference; lastKnownFileType = sourcecode.swift; path = VCSetting.swift; sourceTree = "<group>"; };
		EF508CF92136B02F00073340 /* KenshinApp.app */ = {isa = PBXFileReference; explicitFileType = wrapper.application; includeInIndex = 0; path = KenshinApp.app; sourceTree = BUILT_PRODUCTS_DIR; };
		EF508CFC2136B02F00073340 /* AppDelegate.swift */ = {isa = PBXFileReference; lastKnownFileType = sourcecode.swift; path = AppDelegate.swift; sourceTree = "<group>"; };
		EF508CFE2136B02F00073340 /* ViewController.swift */ = {isa = PBXFileReference; lastKnownFileType = sourcecode.swift; path = ViewController.swift; sourceTree = "<group>"; };
		EF508D012136B02F00073340 /* Base */ = {isa = PBXFileReference; lastKnownFileType = file.storyboard; name = Base; path = Base.lproj/Main.storyboard; sourceTree = "<group>"; };
		EF508D032136B02F00073340 /* Assets.xcassets */ = {isa = PBXFileReference; lastKnownFileType = folder.assetcatalog; path = Assets.xcassets; sourceTree = "<group>"; };
		EF508D062136B02F00073340 /* Base */ = {isa = PBXFileReference; lastKnownFileType = file.storyboard; name = Base; path = Base.lproj/LaunchScreen.storyboard; sourceTree = "<group>"; };
		EF508D082136B02F00073340 /* Info.plist */ = {isa = PBXFileReference; lastKnownFileType = text.plist.xml; path = Info.plist; sourceTree = "<group>"; };
		EF508D0D2136B03000073340 /* KenshinAppTests.xctest */ = {isa = PBXFileReference; explicitFileType = wrapper.cfbundle; includeInIndex = 0; path = KenshinAppTests.xctest; sourceTree = BUILT_PRODUCTS_DIR; };
		EF508D112136B03000073340 /* KenshinAppTests.swift */ = {isa = PBXFileReference; lastKnownFileType = sourcecode.swift; path = KenshinAppTests.swift; sourceTree = "<group>"; };
		EF508D132136B03000073340 /* Info.plist */ = {isa = PBXFileReference; lastKnownFileType = text.plist.xml; path = Info.plist; sourceTree = "<group>"; };
		EF508D182136B03000073340 /* KenshinAppUITests.xctest */ = {isa = PBXFileReference; explicitFileType = wrapper.cfbundle; includeInIndex = 0; path = KenshinAppUITests.xctest; sourceTree = BUILT_PRODUCTS_DIR; };
		EF508D1C2136B03000073340 /* KenshinAppUITests.swift */ = {isa = PBXFileReference; lastKnownFileType = sourcecode.swift; path = KenshinAppUITests.swift; sourceTree = "<group>"; };
		EF508D1E2136B03000073340 /* Info.plist */ = {isa = PBXFileReference; lastKnownFileType = text.plist.xml; path = Info.plist; sourceTree = "<group>"; };
		EF508D2A2136B2D600073340 /* GasMenu.storyboard */ = {isa = PBXFileReference; lastKnownFileType = file.storyboard; path = GasMenu.storyboard; sourceTree = "<group>"; };
		EF508D2E213D1E7300073340 /* GohSelect.storyboard */ = {isa = PBXFileReference; lastKnownFileType = file.storyboard; path = GohSelect.storyboard; sourceTree = "<group>"; };
		EF508D30213D2A2400073340 /* Customer.storyboard */ = {isa = PBXFileReference; lastKnownFileType = file.storyboard; path = Customer.storyboard; sourceTree = "<group>"; };
		EF508D34213D2B9200073340 /* ResultReport.storyboard */ = {isa = PBXFileReference; lastKnownFileType = file.storyboard; path = ResultReport.storyboard; sourceTree = "<group>"; };
		EFB54A3E214A6872006BC075 /* CircleButton.swift */ = {isa = PBXFileReference; lastKnownFileType = sourcecode.swift; path = CircleButton.swift; sourceTree = "<group>"; };
		EFB54A40214A7925006BC075 /* VCGasMenu.swift */ = {isa = PBXFileReference; lastKnownFileType = sourcecode.swift; path = VCGasMenu.swift; sourceTree = "<group>"; };
		EFB54A42214B850B006BC075 /* VCGohSelect.swift */ = {isa = PBXFileReference; lastKnownFileType = sourcecode.swift; path = VCGohSelect.swift; sourceTree = "<group>"; };
		EFDF94BB214FB11B003AF3B4 /* VCCustomer.swift */ = {isa = PBXFileReference; lastKnownFileType = sourcecode.swift; path = VCCustomer.swift; sourceTree = "<group>"; };
/* End PBXFileReference section */

/* Begin PBXFrameworksBuildPhase section */
		EF508CF62136B02F00073340 /* Frameworks */ = {
			isa = PBXFrameworksBuildPhase;
			buildActionMask = 2147483647;
			files = (
				8F0046D54FE995FE97612E8F /* Pods_KenshinApp.framework in Frameworks */,
			);
			runOnlyForDeploymentPostprocessing = 0;
		};
		EF508D0A2136B03000073340 /* Frameworks */ = {
			isa = PBXFrameworksBuildPhase;
			buildActionMask = 2147483647;
			files = (
				D9F5F16F47CAE8D15C31A774 /* Pods_KenshinAppTests.framework in Frameworks */,
			);
			runOnlyForDeploymentPostprocessing = 0;
		};
		EF508D152136B03000073340 /* Frameworks */ = {
			isa = PBXFrameworksBuildPhase;
			buildActionMask = 2147483647;
			files = (
				9AB6182D0FE356248AC13F8A /* Pods_KenshinAppUITests.framework in Frameworks */,
			);
			runOnlyForDeploymentPostprocessing = 0;
		};
/* End PBXFrameworksBuildPhase section */

/* Begin PBXGroup section */
		18217875B441EB4C929AEEC5 /* Pods */ = {
			isa = PBXGroup;
			children = (
				CFBD0DCCAFB005F95177A8BC /* Pods-KenshinApp.debug.xcconfig */,
				05E7A125C6802A565E1D73BD /* Pods-KenshinApp.release.xcconfig */,
				E45173C6080BC3766DBDAA23 /* Pods-KenshinAppTests.debug.xcconfig */,
				35CA0113E51F876E3BE3D341 /* Pods-KenshinAppTests.release.xcconfig */,
				E538670D3E969A1F76E9DC5B /* Pods-KenshinAppUITests.debug.xcconfig */,
				9A6C584B0743071B8E208339 /* Pods-KenshinAppUITests.release.xcconfig */,
			);
			name = Pods;
			sourceTree = "<group>";
		};
		5E46D8C30A7A20E4D617D33C /* Frameworks */ = {
			isa = PBXGroup;
			children = (
				06606ED1662C0C1D479398BC /* Pods_KenshinApp.framework */,
				83EBD86C500DC2F890461FC7 /* Pods_KenshinAppTests.framework */,
				32A1A9C5394A9D3667081F55 /* Pods_KenshinAppUITests.framework */,
			);
			name = Frameworks;
			sourceTree = "<group>";
		};
		EF508CF02136B02F00073340 = {
			isa = PBXGroup;
			children = (
				EF508CFB2136B02F00073340 /* KenshinApp */,
				EF508D102136B03000073340 /* KenshinAppTests */,
				EF508D1B2136B03000073340 /* KenshinAppUITests */,
				EF508CFA2136B02F00073340 /* Products */,
				18217875B441EB4C929AEEC5 /* Pods */,
				5E46D8C30A7A20E4D617D33C /* Frameworks */,
			);
			sourceTree = "<group>";
		};
		EF508CFA2136B02F00073340 /* Products */ = {
			isa = PBXGroup;
			children = (
				EF508CF92136B02F00073340 /* KenshinApp.app */,
				EF508D0D2136B03000073340 /* KenshinAppTests.xctest */,
				EF508D182136B03000073340 /* KenshinAppUITests.xctest */,
			);
			name = Products;
			sourceTree = "<group>";
		};
		EF508CFB2136B02F00073340 /* KenshinApp */ = {
			isa = PBXGroup;
			children = (
				EF508CFC2136B02F00073340 /* AppDelegate.swift */,
				EF508CFE2136B02F00073340 /* ViewController.swift */,
				EF508D002136B02F00073340 /* Main.storyboard */,
				EF508D2A2136B2D600073340 /* GasMenu.storyboard */,
				72AF1BA321426C0A00264CDA /* Button_Custom.swift */,
				EF508D30213D2A2400073340 /* Customer.storyboard */,
				EF508D2E213D1E7300073340 /* GohSelect.storyboard */,
				EF508D34213D2B9200073340 /* ResultReport.storyboard */,
				727E8CC02147B48400BBA9D3 /* NumberKeyBoard.swift */,
				727E8CBE214758B800BBA9D3 /* VCInputScreen.swift */,
				72AF1BA5214270E500264CDA /* CheckValuePopup.storyboard */,
				72C98CF521462ECB00482551 /* VCCheckValuePopup.swift */,
				7221BDF3214212570070320D /* VCResultReport.swift */,
				EF508D032136B02F00073340 /* Assets.xcassets */,
				EF508D052136B02F00073340 /* LaunchScreen.storyboard */,
				EF508D082136B02F00073340 /* Info.plist */,
				EFB54A3E214A6872006BC075 /* CircleButton.swift */,
				EFB54A40214A7925006BC075 /* VCGasMenu.swift */,
				EFB54A42214B850B006BC075 /* VCGohSelect.swift */,
				EFDF94BB214FB11B003AF3B4 /* VCCustomer.swift */,
				EF4420452151090F00E6D0AC /* HandPrint.storyboard */,
				EF442047215109A800E6D0AC /* Setting.storyboard */,
				EF44204921510C7D00E6D0AC /* MenuViewController.swift */,
				EF44204B2159D8B000E6D0AC /* VCHandPrint.swift */,
				EF44204D215A19E100E6D0AC /* VCSetting.swift */,
			);
			path = KenshinApp;
			sourceTree = "<group>";
		};
		EF508D102136B03000073340 /* KenshinAppTests */ = {
			isa = PBXGroup;
			children = (
				EF508D112136B03000073340 /* KenshinAppTests.swift */,
				EF508D132136B03000073340 /* Info.plist */,
			);
			path = KenshinAppTests;
			sourceTree = "<group>";
		};
		EF508D1B2136B03000073340 /* KenshinAppUITests */ = {
			isa = PBXGroup;
			children = (
				EF508D1C2136B03000073340 /* KenshinAppUITests.swift */,
				EF508D1E2136B03000073340 /* Info.plist */,
			);
			path = KenshinAppUITests;
			sourceTree = "<group>";
		};
/* End PBXGroup section */

/* Begin PBXNativeTarget section */
		EF508CF82136B02F00073340 /* KenshinApp */ = {
			isa = PBXNativeTarget;
			buildConfigurationList = EF508D212136B03000073340 /* Build configuration list for PBXNativeTarget "KenshinApp" */;
			buildPhases = (
				6ECD21E92CADACAA9F165F34 /* [CP] Check Pods Manifest.lock */,
				EF508CF52136B02F00073340 /* Sources */,
				EF508CF62136B02F00073340 /* Frameworks */,
				EF508CF72136B02F00073340 /* Resources */,
			);
			buildRules = (
			);
			dependencies = (
			);
			name = KenshinApp;
			productName = KenshinApp;
			productReference = EF508CF92136B02F00073340 /* KenshinApp.app */;
			productType = "com.apple.product-type.application";
		};
		EF508D0C2136B03000073340 /* KenshinAppTests */ = {
			isa = PBXNativeTarget;
			buildConfigurationList = EF508D242136B03000073340 /* Build configuration list for PBXNativeTarget "KenshinAppTests" */;
			buildPhases = (
				C66C31612388D662C0DC6187 /* [CP] Check Pods Manifest.lock */,
				EF508D092136B03000073340 /* Sources */,
				EF508D0A2136B03000073340 /* Frameworks */,
				EF508D0B2136B03000073340 /* Resources */,
			);
			buildRules = (
			);
			dependencies = (
				EF508D0F2136B03000073340 /* PBXTargetDependency */,
			);
			name = KenshinAppTests;
			productName = KenshinAppTests;
			productReference = EF508D0D2136B03000073340 /* KenshinAppTests.xctest */;
			productType = "com.apple.product-type.bundle.unit-test";
		};
		EF508D172136B03000073340 /* KenshinAppUITests */ = {
			isa = PBXNativeTarget;
			buildConfigurationList = EF508D272136B03000073340 /* Build configuration list for PBXNativeTarget "KenshinAppUITests" */;
			buildPhases = (
				D19EF87F6E4F25E4852EE6FA /* [CP] Check Pods Manifest.lock */,
				EF508D142136B03000073340 /* Sources */,
				EF508D152136B03000073340 /* Frameworks */,
				EF508D162136B03000073340 /* Resources */,
			);
			buildRules = (
			);
			dependencies = (
				EF508D1A2136B03000073340 /* PBXTargetDependency */,
			);
			name = KenshinAppUITests;
			productName = KenshinAppUITests;
			productReference = EF508D182136B03000073340 /* KenshinAppUITests.xctest */;
			productType = "com.apple.product-type.bundle.ui-testing";
		};
/* End PBXNativeTarget section */

/* Begin PBXProject section */
		EF508CF12136B02F00073340 /* Project object */ = {
			isa = PBXProject;
			attributes = {
				LastSwiftUpdateCheck = 0940;
				LastUpgradeCheck = 0940;
				ORGANIZATIONNAME = GaGdev14;
				TargetAttributes = {
					EF508CF82136B02F00073340 = {
						CreatedOnToolsVersion = 9.4.1;
					};
					EF508D0C2136B03000073340 = {
						CreatedOnToolsVersion = 9.4.1;
						TestTargetID = EF508CF82136B02F00073340;
					};
					EF508D172136B03000073340 = {
						CreatedOnToolsVersion = 9.4.1;
						TestTargetID = EF508CF82136B02F00073340;
					};
				};
			};
			buildConfigurationList = EF508CF42136B02F00073340 /* Build configuration list for PBXProject "KenshinApp" */;
			compatibilityVersion = "Xcode 9.3";
			developmentRegion = en;
			hasScannedForEncodings = 0;
			knownRegions = (
				en,
				Base,
			);
			mainGroup = EF508CF02136B02F00073340;
			productRefGroup = EF508CFA2136B02F00073340 /* Products */;
			projectDirPath = "";
			projectRoot = "";
			targets = (
				EF508CF82136B02F00073340 /* KenshinApp */,
				EF508D0C2136B03000073340 /* KenshinAppTests */,
				EF508D172136B03000073340 /* KenshinAppUITests */,
			);
		};
/* End PBXProject section */

/* Begin PBXResourcesBuildPhase section */
		EF508CF72136B02F00073340 /* Resources */ = {
			isa = PBXResourcesBuildPhase;
			buildActionMask = 2147483647;
			files = (
				72AF1BA6214270E500264CDA /* CheckValuePopup.storyboard in Resources */,
				EF508D31213D2A2400073340 /* Customer.storyboard in Resources */,
				EF508D072136B02F00073340 /* LaunchScreen.storyboard in Resources */,
				EF508D2B2136B2D600073340 /* GasMenu.storyboard in Resources */,
				EF508D042136B02F00073340 /* Assets.xcassets in Resources */,
				EF4420462151090F00E6D0AC /* HandPrint.storyboard in Resources */,
				EF508D2F213D1E7300073340 /* GohSelect.storyboard in Resources */,
				EF442048215109A800E6D0AC /* Setting.storyboard in Resources */,
				EF508D35213D2B9200073340 /* ResultReport.storyboard in Resources */,
				EF508D022136B02F00073340 /* Main.storyboard in Resources */,
			);
			runOnlyForDeploymentPostprocessing = 0;
		};
		EF508D0B2136B03000073340 /* Resources */ = {
			isa = PBXResourcesBuildPhase;
			buildActionMask = 2147483647;
			files = (
			);
			runOnlyForDeploymentPostprocessing = 0;
		};
		EF508D162136B03000073340 /* Resources */ = {
			isa = PBXResourcesBuildPhase;
			buildActionMask = 2147483647;
			files = (
			);
			runOnlyForDeploymentPostprocessing = 0;
		};
/* End PBXResourcesBuildPhase section */

/* Begin PBXShellScriptBuildPhase section */
		6ECD21E92CADACAA9F165F34 /* [CP] Check Pods Manifest.lock */ = {
			isa = PBXShellScriptBuildPhase;
			buildActionMask = 2147483647;
			files = (
			);
			inputPaths = (
				"${PODS_PODFILE_DIR_PATH}/Podfile.lock",
				"${PODS_ROOT}/Manifest.lock",
			);
			name = "[CP] Check Pods Manifest.lock";
			outputPaths = (
				"$(DERIVED_FILE_DIR)/Pods-KenshinApp-checkManifestLockResult.txt",
			);
			runOnlyForDeploymentPostprocessing = 0;
			shellPath = /bin/sh;
			shellScript = "diff \"${PODS_PODFILE_DIR_PATH}/Podfile.lock\" \"${PODS_ROOT}/Manifest.lock\" > /dev/null\nif [ $? != 0 ] ; then\n    # print error to STDERR\n    echo \"error: The sandbox is not in sync with the Podfile.lock. Run 'pod install' or update your CocoaPods installation.\" >&2\n    exit 1\nfi\n# This output is used by Xcode 'outputs' to avoid re-running this script phase.\necho \"SUCCESS\" > \"${SCRIPT_OUTPUT_FILE_0}\"\n";
			showEnvVarsInLog = 0;
		};
		C66C31612388D662C0DC6187 /* [CP] Check Pods Manifest.lock */ = {
			isa = PBXShellScriptBuildPhase;
			buildActionMask = 2147483647;
			files = (
			);
			inputPaths = (
				"${PODS_PODFILE_DIR_PATH}/Podfile.lock",
				"${PODS_ROOT}/Manifest.lock",
			);
			name = "[CP] Check Pods Manifest.lock";
			outputPaths = (
				"$(DERIVED_FILE_DIR)/Pods-KenshinAppTests-checkManifestLockResult.txt",
			);
			runOnlyForDeploymentPostprocessing = 0;
			shellPath = /bin/sh;
			shellScript = "diff \"${PODS_PODFILE_DIR_PATH}/Podfile.lock\" \"${PODS_ROOT}/Manifest.lock\" > /dev/null\nif [ $? != 0 ] ; then\n    # print error to STDERR\n    echo \"error: The sandbox is not in sync with the Podfile.lock. Run 'pod install' or update your CocoaPods installation.\" >&2\n    exit 1\nfi\n# This output is used by Xcode 'outputs' to avoid re-running this script phase.\necho \"SUCCESS\" > \"${SCRIPT_OUTPUT_FILE_0}\"\n";
			showEnvVarsInLog = 0;
		};
		D19EF87F6E4F25E4852EE6FA /* [CP] Check Pods Manifest.lock */ = {
			isa = PBXShellScriptBuildPhase;
			buildActionMask = 2147483647;
			files = (
			);
			inputPaths = (
				"${PODS_PODFILE_DIR_PATH}/Podfile.lock",
				"${PODS_ROOT}/Manifest.lock",
			);
			name = "[CP] Check Pods Manifest.lock";
			outputPaths = (
				"$(DERIVED_FILE_DIR)/Pods-KenshinAppUITests-checkManifestLockResult.txt",
			);
			runOnlyForDeploymentPostprocessing = 0;
			shellPath = /bin/sh;
			shellScript = "diff \"${PODS_PODFILE_DIR_PATH}/Podfile.lock\" \"${PODS_ROOT}/Manifest.lock\" > /dev/null\nif [ $? != 0 ] ; then\n    # print error to STDERR\n    echo \"error: The sandbox is not in sync with the Podfile.lock. Run 'pod install' or update your CocoaPods installation.\" >&2\n    exit 1\nfi\n# This output is used by Xcode 'outputs' to avoid re-running this script phase.\necho \"SUCCESS\" > \"${SCRIPT_OUTPUT_FILE_0}\"\n";
			showEnvVarsInLog = 0;
		};
/* End PBXShellScriptBuildPhase section */

/* Begin PBXSourcesBuildPhase section */
		EF508CF52136B02F00073340 /* Sources */ = {
			isa = PBXSourcesBuildPhase;
			buildActionMask = 2147483647;
			files = (
				72AF1BA421426C0A00264CDA /* Button_Custom.swift in Sources */,
				727E8CC12147B48400BBA9D3 /* NumberKeyBoard.swift in Sources */,
				EF508CFF2136B02F00073340 /* ViewController.swift in Sources */,
				EF44204E215A19E100E6D0AC /* VCSetting.swift in Sources */,
				EFB54A3F214A6872006BC075 /* CircleButton.swift in Sources */,
				EF508CFD2136B02F00073340 /* AppDelegate.swift in Sources */,
				72C98CF621462ECB00482551 /* VCCheckValuePopup.swift in Sources */,
				727E8CBF214758B800BBA9D3 /* VCInputScreen.swift in Sources */,
				EF44204A21510C7D00E6D0AC /* MenuViewController.swift in Sources */,
				EF44204C2159D8B000E6D0AC /* VCHandPrint.swift in Sources */,
				7221BDF4214212570070320D /* VCResultReport.swift in Sources */,
				EFDF94BC214FB11B003AF3B4 /* VCCustomer.swift in Sources */,
				EFB54A41214A7925006BC075 /* VCGasMenu.swift in Sources */,
				EFB54A43214B850B006BC075 /* VCGohSelect.swift in Sources */,
			);
			runOnlyForDeploymentPostprocessing = 0;
		};
		EF508D092136B03000073340 /* Sources */ = {
			isa = PBXSourcesBuildPhase;
			buildActionMask = 2147483647;
			files = (
				EF508D122136B03000073340 /* KenshinAppTests.swift in Sources */,
			);
			runOnlyForDeploymentPostprocessing = 0;
		};
		EF508D142136B03000073340 /* Sources */ = {
			isa = PBXSourcesBuildPhase;
			buildActionMask = 2147483647;
			files = (
				EF508D1D2136B03000073340 /* KenshinAppUITests.swift in Sources */,
			);
			runOnlyForDeploymentPostprocessing = 0;
		};
/* End PBXSourcesBuildPhase section */

/* Begin PBXTargetDependency section */
		EF508D0F2136B03000073340 /* PBXTargetDependency */ = {
			isa = PBXTargetDependency;
			target = EF508CF82136B02F00073340 /* KenshinApp */;
			targetProxy = EF508D0E2136B03000073340 /* PBXContainerItemProxy */;
		};
		EF508D1A2136B03000073340 /* PBXTargetDependency */ = {
			isa = PBXTargetDependency;
			target = EF508CF82136B02F00073340 /* KenshinApp */;
			targetProxy = EF508D192136B03000073340 /* PBXContainerItemProxy */;
		};
/* End PBXTargetDependency section */

/* Begin PBXVariantGroup section */
		EF508D002136B02F00073340 /* Main.storyboard */ = {
			isa = PBXVariantGroup;
			children = (
				EF508D012136B02F00073340 /* Base */,
			);
			name = Main.storyboard;
			sourceTree = "<group>";
		};
		EF508D052136B02F00073340 /* LaunchScreen.storyboard */ = {
			isa = PBXVariantGroup;
			children = (
				EF508D062136B02F00073340 /* Base */,
			);
			name = LaunchScreen.storyboard;
			sourceTree = "<group>";
		};
/* End PBXVariantGroup section */

/* Begin XCBuildConfiguration section */
		EF508D1F2136B03000073340 /* Debug */ = {
			isa = XCBuildConfiguration;
			buildSettings = {
				ALWAYS_SEARCH_USER_PATHS = NO;
				CLANG_ANALYZER_NONNULL = YES;
				CLANG_ANALYZER_NUMBER_OBJECT_CONVERSION = YES_AGGRESSIVE;
				CLANG_CXX_LANGUAGE_STANDARD = "gnu++14";
				CLANG_CXX_LIBRARY = "libc++";
				CLANG_ENABLE_MODULES = YES;
				CLANG_ENABLE_OBJC_ARC = YES;
				CLANG_ENABLE_OBJC_WEAK = YES;
				CLANG_WARN_BLOCK_CAPTURE_AUTORELEASING = YES;
				CLANG_WARN_BOOL_CONVERSION = YES;
				CLANG_WARN_COMMA = YES;
				CLANG_WARN_CONSTANT_CONVERSION = YES;
				CLANG_WARN_DEPRECATED_OBJC_IMPLEMENTATIONS = YES;
				CLANG_WARN_DIRECT_OBJC_ISA_USAGE = YES_ERROR;
				CLANG_WARN_DOCUMENTATION_COMMENTS = YES;
				CLANG_WARN_EMPTY_BODY = YES;
				CLANG_WARN_ENUM_CONVERSION = YES;
				CLANG_WARN_INFINITE_RECURSION = YES;
				CLANG_WARN_INT_CONVERSION = YES;
				CLANG_WARN_NON_LITERAL_NULL_CONVERSION = YES;
				CLANG_WARN_OBJC_IMPLICIT_RETAIN_SELF = YES;
				CLANG_WARN_OBJC_LITERAL_CONVERSION = YES;
				CLANG_WARN_OBJC_ROOT_CLASS = YES_ERROR;
				CLANG_WARN_RANGE_LOOP_ANALYSIS = YES;
				CLANG_WARN_STRICT_PROTOTYPES = YES;
				CLANG_WARN_SUSPICIOUS_MOVE = YES;
				CLANG_WARN_UNGUARDED_AVAILABILITY = YES_AGGRESSIVE;
				CLANG_WARN_UNREACHABLE_CODE = YES;
				CLANG_WARN__DUPLICATE_METHOD_MATCH = YES;
				CODE_SIGN_IDENTITY = "iPhone Developer";
				COPY_PHASE_STRIP = NO;
				DEBUG_INFORMATION_FORMAT = dwarf;
				ENABLE_STRICT_OBJC_MSGSEND = YES;
				ENABLE_TESTABILITY = YES;
				GCC_C_LANGUAGE_STANDARD = gnu11;
				GCC_DYNAMIC_NO_PIC = NO;
				GCC_NO_COMMON_BLOCKS = YES;
				GCC_OPTIMIZATION_LEVEL = 0;
				GCC_PREPROCESSOR_DEFINITIONS = (
					"DEBUG=1",
					"$(inherited)",
				);
				GCC_WARN_64_TO_32_BIT_CONVERSION = YES;
				GCC_WARN_ABOUT_RETURN_TYPE = YES_ERROR;
				GCC_WARN_UNDECLARED_SELECTOR = YES;
				GCC_WARN_UNINITIALIZED_AUTOS = YES_AGGRESSIVE;
				GCC_WARN_UNUSED_FUNCTION = YES;
				GCC_WARN_UNUSED_VARIABLE = YES;
				IPHONEOS_DEPLOYMENT_TARGET = 11.4;
				MTL_ENABLE_DEBUG_INFO = YES;
				ONLY_ACTIVE_ARCH = YES;
				SDKROOT = iphoneos;
				SWIFT_ACTIVE_COMPILATION_CONDITIONS = DEBUG;
				SWIFT_OPTIMIZATION_LEVEL = "-Onone";
			};
			name = Debug;
		};
		EF508D202136B03000073340 /* Release */ = {
			isa = XCBuildConfiguration;
			buildSettings = {
				ALWAYS_SEARCH_USER_PATHS = NO;
				CLANG_ANALYZER_NONNULL = YES;
				CLANG_ANALYZER_NUMBER_OBJECT_CONVERSION = YES_AGGRESSIVE;
				CLANG_CXX_LANGUAGE_STANDARD = "gnu++14";
				CLANG_CXX_LIBRARY = "libc++";
				CLANG_ENABLE_MODULES = YES;
				CLANG_ENABLE_OBJC_ARC = YES;
				CLANG_ENABLE_OBJC_WEAK = YES;
				CLANG_WARN_BLOCK_CAPTURE_AUTORELEASING = YES;
				CLANG_WARN_BOOL_CONVERSION = YES;
				CLANG_WARN_COMMA = YES;
				CLANG_WARN_CONSTANT_CONVERSION = YES;
				CLANG_WARN_DEPRECATED_OBJC_IMPLEMENTATIONS = YES;
				CLANG_WARN_DIRECT_OBJC_ISA_USAGE = YES_ERROR;
				CLANG_WARN_DOCUMENTATION_COMMENTS = YES;
				CLANG_WARN_EMPTY_BODY = YES;
				CLANG_WARN_ENUM_CONVERSION = YES;
				CLANG_WARN_INFINITE_RECURSION = YES;
				CLANG_WARN_INT_CONVERSION = YES;
				CLANG_WARN_NON_LITERAL_NULL_CONVERSION = YES;
				CLANG_WARN_OBJC_IMPLICIT_RETAIN_SELF = YES;
				CLANG_WARN_OBJC_LITERAL_CONVERSION = YES;
				CLANG_WARN_OBJC_ROOT_CLASS = YES_ERROR;
				CLANG_WARN_RANGE_LOOP_ANALYSIS = YES;
				CLANG_WARN_STRICT_PROTOTYPES = YES;
				CLANG_WARN_SUSPICIOUS_MOVE = YES;
				CLANG_WARN_UNGUARDED_AVAILABILITY = YES_AGGRESSIVE;
				CLANG_WARN_UNREACHABLE_CODE = YES;
				CLANG_WARN__DUPLICATE_METHOD_MATCH = YES;
				CODE_SIGN_IDENTITY = "iPhone Developer";
				COPY_PHASE_STRIP = NO;
				DEBUG_INFORMATION_FORMAT = "dwarf-with-dsym";
				ENABLE_NS_ASSERTIONS = NO;
				ENABLE_STRICT_OBJC_MSGSEND = YES;
				GCC_C_LANGUAGE_STANDARD = gnu11;
				GCC_NO_COMMON_BLOCKS = YES;
				GCC_WARN_64_TO_32_BIT_CONVERSION = YES;
				GCC_WARN_ABOUT_RETURN_TYPE = YES_ERROR;
				GCC_WARN_UNDECLARED_SELECTOR = YES;
				GCC_WARN_UNINITIALIZED_AUTOS = YES_AGGRESSIVE;
				GCC_WARN_UNUSED_FUNCTION = YES;
				GCC_WARN_UNUSED_VARIABLE = YES;
				IPHONEOS_DEPLOYMENT_TARGET = 11.4;
				MTL_ENABLE_DEBUG_INFO = NO;
				SDKROOT = iphoneos;
				SWIFT_COMPILATION_MODE = wholemodule;
				SWIFT_OPTIMIZATION_LEVEL = "-O";
				VALIDATE_PRODUCT = YES;
			};
			name = Release;
		};
		EF508D222136B03000073340 /* Debug */ = {
			isa = XCBuildConfiguration;
			baseConfigurationReference = CFBD0DCCAFB005F95177A8BC /* Pods-KenshinApp.debug.xcconfig */;
			buildSettings = {
				ASSETCATALOG_COMPILER_APPICON_NAME = AppIcon;
				CODE_SIGN_STYLE = Automatic;
				DEVELOPMENT_TEAM = "";
				INFOPLIST_FILE = KenshinApp/Info.plist;
				LD_RUNPATH_SEARCH_PATHS = (
					"$(inherited)",
					"@executable_path/Frameworks",
				);
				NEW_SETTING = "";
				PODS_ROOT = "${SRCROOT}/Pods";
				PRODUCT_BUNDLE_IDENTIFIER = com.dev.KenshinApp;
				PRODUCT_NAME = "$(TARGET_NAME)";
				SWIFT_VERSION = 4.0;
				TARGETED_DEVICE_FAMILY = "1,2";
			};
			name = Debug;
		};
		EF508D232136B03000073340 /* Release */ = {
			isa = XCBuildConfiguration;
			baseConfigurationReference = 05E7A125C6802A565E1D73BD /* Pods-KenshinApp.release.xcconfig */;
			buildSettings = {
				ASSETCATALOG_COMPILER_APPICON_NAME = AppIcon;
				CODE_SIGN_STYLE = Automatic;
				DEVELOPMENT_TEAM = "";
				INFOPLIST_FILE = KenshinApp/Info.plist;
				LD_RUNPATH_SEARCH_PATHS = (
					"$(inherited)",
					"@executable_path/Frameworks",
				);
				NEW_SETTING = "";
				PODS_ROOT = "${SRCROOT}/Pods";
				PRODUCT_BUNDLE_IDENTIFIER = com.dev.KenshinApp;
				PRODUCT_NAME = "$(TARGET_NAME)";
				SWIFT_VERSION = 4.0;
				TARGETED_DEVICE_FAMILY = "1,2";
			};
			name = Release;
		};
		EF508D252136B03000073340 /* Debug */ = {
			isa = XCBuildConfiguration;
			baseConfigurationReference = E45173C6080BC3766DBDAA23 /* Pods-KenshinAppTests.debug.xcconfig */;
			buildSettings = {
				ALWAYS_EMBED_SWIFT_STANDARD_LIBRARIES = YES;
				BUNDLE_LOADER = "$(TEST_HOST)";
				CODE_SIGN_STYLE = Automatic;
				INFOPLIST_FILE = KenshinAppTests/Info.plist;
				LD_RUNPATH_SEARCH_PATHS = (
					"$(inherited)",
					"@executable_path/Frameworks",
					"@loader_path/Frameworks",
				);
				PRODUCT_BUNDLE_IDENTIFIER = com.dev.KenshinAppTests;
				PRODUCT_NAME = "$(TARGET_NAME)";
				SWIFT_VERSION = 4.0;
				TARGETED_DEVICE_FAMILY = "1,2";
				TEST_HOST = "$(BUILT_PRODUCTS_DIR)/KenshinApp.app/KenshinApp";
			};
			name = Debug;
		};
		EF508D262136B03000073340 /* Release */ = {
			isa = XCBuildConfiguration;
			baseConfigurationReference = 35CA0113E51F876E3BE3D341 /* Pods-KenshinAppTests.release.xcconfig */;
			buildSettings = {
				ALWAYS_EMBED_SWIFT_STANDARD_LIBRARIES = YES;
				BUNDLE_LOADER = "$(TEST_HOST)";
				CODE_SIGN_STYLE = Automatic;
				INFOPLIST_FILE = KenshinAppTests/Info.plist;
				LD_RUNPATH_SEARCH_PATHS = (
					"$(inherited)",
					"@executable_path/Frameworks",
					"@loader_path/Frameworks",
				);
				PRODUCT_BUNDLE_IDENTIFIER = com.dev.KenshinAppTests;
				PRODUCT_NAME = "$(TARGET_NAME)";
				SWIFT_VERSION = 4.0;
				TARGETED_DEVICE_FAMILY = "1,2";
				TEST_HOST = "$(BUILT_PRODUCTS_DIR)/KenshinApp.app/KenshinApp";
			};
			name = Release;
		};
		EF508D282136B03000073340 /* Debug */ = {
			isa = XCBuildConfiguration;
			baseConfigurationReference = E538670D3E969A1F76E9DC5B /* Pods-KenshinAppUITests.debug.xcconfig */;
			buildSettings = {
				ALWAYS_EMBED_SWIFT_STANDARD_LIBRARIES = YES;
				CODE_SIGN_STYLE = Automatic;
				INFOPLIST_FILE = KenshinAppUITests/Info.plist;
				LD_RUNPATH_SEARCH_PATHS = (
					"$(inherited)",
					"@executable_path/Frameworks",
					"@loader_path/Frameworks",
				);
				PRODUCT_BUNDLE_IDENTIFIER = com.dev.KenshinAppUITests;
				PRODUCT_NAME = "$(TARGET_NAME)";
				SWIFT_VERSION = 4.0;
				TARGETED_DEVICE_FAMILY = "1,2";
				TEST_TARGET_NAME = KenshinApp;
			};
			name = Debug;
		};
		EF508D292136B03000073340 /* Release */ = {
			isa = XCBuildConfiguration;
			baseConfigurationReference = 9A6C584B0743071B8E208339 /* Pods-KenshinAppUITests.release.xcconfig */;
			buildSettings = {
				ALWAYS_EMBED_SWIFT_STANDARD_LIBRARIES = YES;
				CODE_SIGN_STYLE = Automatic;
				INFOPLIST_FILE = KenshinAppUITests/Info.plist;
				LD_RUNPATH_SEARCH_PATHS = (
					"$(inherited)",
					"@executable_path/Frameworks",
					"@loader_path/Frameworks",
				);
				PRODUCT_BUNDLE_IDENTIFIER = com.dev.KenshinAppUITests;
				PRODUCT_NAME = "$(TARGET_NAME)";
				SWIFT_VERSION = 4.0;
				TARGETED_DEVICE_FAMILY = "1,2";
				TEST_TARGET_NAME = KenshinApp;
			};
			name = Release;
		};
/* End XCBuildConfiguration section */

/* Begin XCConfigurationList section */
		EF508CF42136B02F00073340 /* Build configuration list for PBXProject "KenshinApp" */ = {
			isa = XCConfigurationList;
			buildConfigurations = (
				EF508D1F2136B03000073340 /* Debug */,
				EF508D202136B03000073340 /* Release */,
			);
			defaultConfigurationIsVisible = 0;
			defaultConfigurationName = Release;
		};
		EF508D212136B03000073340 /* Build configuration list for PBXNativeTarget "KenshinApp" */ = {
			isa = XCConfigurationList;
			buildConfigurations = (
				EF508D222136B03000073340 /* Debug */,
				EF508D232136B03000073340 /* Release */,
			);
			defaultConfigurationIsVisible = 0;
			defaultConfigurationName = Release;
		};
		EF508D242136B03000073340 /* Build configuration list for PBXNativeTarget "KenshinAppTests" */ = {
			isa = XCConfigurationList;
			buildConfigurations = (
				EF508D252136B03000073340 /* Debug */,
				EF508D262136B03000073340 /* Release */,
			);
			defaultConfigurationIsVisible = 0;
			defaultConfigurationName = Release;
		};
		EF508D272136B03000073340 /* Build configuration list for PBXNativeTarget "KenshinAppUITests" */ = {
			isa = XCConfigurationList;
			buildConfigurations = (
				EF508D282136B03000073340 /* Debug */,
				EF508D292136B03000073340 /* Release */,
			);
			defaultConfigurationIsVisible = 0;
			defaultConfigurationName = Release;
		};
/* End XCConfigurationList section */
	};
	rootObject = EF508CF12136B02F00073340 /* Project object */;
}
